
Microsoft Visual Studio Solution File, Format Version 12.00
# Visual Studio Version 16
VisualStudioVersion = 16.0.31410.357
MinimumVisualStudioVersion = 10.0.40219.1
Project("{FAE04EC0-301F-11D3-BF4B-00C04F79EFBC}") = "diamond_story_grupo3", "diamond_story_grupo3.csproj", "{0F8F19F3-14CC-4495-B9A6-7F53C98D198F}"
EndProject
Global
	GlobalSection(SolutionConfigurationPlatforms) = preSolution
		Debug|Any CPU = Debug|Any CPU
		Release|Any CPU = Release|Any CPU
	EndGlobalSection
	GlobalSection(ProjectConfigurationPlatforms) = postSolution
		{0F8F19F3-14CC-4495-B9A6-7F53C98D198F}.Debug|Any CPU.ActiveCfg = Debug|Any CPU
		{0F8F19F3-14CC-4495-B9A6-7F53C98D198F}.Debug|Any CPU.Build.0 = Debug|Any CPU
		{0F8F19F3-14CC-4495-B9A6-7F53C98D198F}.Release|Any CPU.ActiveCfg = Release|Any CPU
		{0F8F19F3-14CC-4495-B9A6-7F53C98D198F}.Release|Any CPU.Build.0 = Release|Any CPU
	EndGlobalSection
	GlobalSection(SolutionProperties) = preSolution
		HideSolutionNode = FALSE
	EndGlobalSection
	GlobalSection(ExtensibilityGlobals) = postSolution
		SolutionGuid = {02E2AFA4-9A68-4CEC-A087-C78217F5773A}
	EndGlobalSection
EndGlobal
